
Microsoft Visual Studio Solution File, Format Version 12.00
# Visual Studio 2017
Project("{FAE04EC0-301F-11D3-BF4B-00C04F79EFBC}") = "ProjectLoupoles", "ProjectLoupoles.csproj", "{27585E20-E8AA-DF3B-5659-1E4AA0EC058E}"
EndProject
Global
	GlobalSection(SolutionConfigurationPlatforms) = preSolution
		Debug|Any CPU = Debug|Any CPU
		Release|Any CPU = Release|Any CPU
	EndGlobalSection
	GlobalSection(ProjectConfigurationPlatforms) = postSolution
		{27585E20-E8AA-DF3B-5659-1E4AA0EC058E}.Debug|Any CPU.ActiveCfg = Debug|Any CPU
		{27585E20-E8AA-DF3B-5659-1E4AA0EC058E}.Debug|Any CPU.Build.0 = Debug|Any CPU
		{27585E20-E8AA-DF3B-5659-1E4AA0EC058E}.Release|Any CPU.ActiveCfg = Release|Any CPU
		{27585E20-E8AA-DF3B-5659-1E4AA0EC058E}.Release|Any CPU.Build.0 = Release|Any CPU
	EndGlobalSection
	GlobalSection(SolutionProperties) = preSolution
		HideSolutionNode = FALSE
	EndGlobalSection
EndGlobal
